// !$*UTF8*$!
{
	archiveVersion = 1;
	classes = {
	};
	objectVersion = 46;
	objects = {

/* Begin PBXBuildFile section */
		EE9A304F18FD73B500CE1508 /* test.m in Sources */ = {isa = PBXBuildFile; fileRef = EE9A304E18FD73B500CE1508 /* test.m */; };
		EEBF9CD818EDA2DC00B3A7B1 /* Foundation.framework in Frameworks */ = {isa = PBXBuildFile; fileRef = EEBF9CD718EDA2DC00B3A7B1 /* Foundation.framework */; };
		EEBF9CDA18EDA2DC00B3A7B1 /* CoreGraphics.framework in Frameworks */ = {isa = PBXBuildFile; fileRef = EEBF9CD918EDA2DC00B3A7B1 /* CoreGraphics.framework */; };
		EEBF9CDC18EDA2DC00B3A7B1 /* UIKit.framework in Frameworks */ = {isa = PBXBuildFile; fileRef = EEBF9CDB18EDA2DC00B3A7B1 /* UIKit.framework */; };
		EEBF9CE218EDA2DC00B3A7B1 /* InfoPlist.strings in Resources */ = {isa = PBXBuildFile; fileRef = EEBF9CE018EDA2DC00B3A7B1 /* InfoPlist.strings */; };
		EEBF9CE418EDA2DC00B3A7B1 /* main.m in Sources */ = {isa = PBXBuildFile; fileRef = EEBF9CE318EDA2DC00B3A7B1 /* main.m */; };
		EEBF9CE818EDA2DC00B3A7B1 /* AppDelegate.m in Sources */ = {isa = PBXBuildFile; fileRef = EEBF9CE718EDA2DC00B3A7B1 /* AppDelegate.m */; };
		EEBF9CEB18EDA2DC00B3A7B1 /* RootViewController.m in Sources */ = {isa = PBXBuildFile; fileRef = EEBF9CEA18EDA2DC00B3A7B1 /* RootViewController.m */; };
		EEBF9CEE18EDA2DC00B3A7B1 /* DataViewController.m in Sources */ = {isa = PBXBuildFile; fileRef = EEBF9CED18EDA2DC00B3A7B1 /* DataViewController.m */; };
		EEBF9CF118EDA2DC00B3A7B1 /* ModelController.m in Sources */ = {isa = PBXBuildFile; fileRef = EEBF9CF018EDA2DC00B3A7B1 /* ModelController.m */; };
		EEBF9CF418EDA2DC00B3A7B1 /* Main_iPhone.storyboard in Resources */ = {isa = PBXBuildFile; fileRef = EEBF9CF218EDA2DC00B3A7B1 /* Main_iPhone.storyboard */; };
		EEBF9CF718EDA2DC00B3A7B1 /* Main_iPad.storyboard in Resources */ = {isa = PBXBuildFile; fileRef = EEBF9CF518EDA2DC00B3A7B1 /* Main_iPad.storyboard */; };
		EEBF9CF918EDA2DC00B3A7B1 /* Images.xcassets in Resources */ = {isa = PBXBuildFile; fileRef = EEBF9CF818EDA2DC00B3A7B1 /* Images.xcassets */; };
		EEBF9D0018EDA2DC00B3A7B1 /* XCTest.framework in Frameworks */ = {isa = PBXBuildFile; fileRef = EEBF9CFF18EDA2DC00B3A7B1 /* XCTest.framework */; };
		EEBF9D0118EDA2DC00B3A7B1 /* Foundation.framework in Frameworks */ = {isa = PBXBuildFile; fileRef = EEBF9CD718EDA2DC00B3A7B1 /* Foundation.framework */; };
		EEBF9D0218EDA2DC00B3A7B1 /* UIKit.framework in Frameworks */ = {isa = PBXBuildFile; fileRef = EEBF9CDB18EDA2DC00B3A7B1 /* UIKit.framework */; };
		EEBF9D0A18EDA2DC00B3A7B1 /* InfoPlist.strings in Resources */ = {isa = PBXBuildFile; fileRef = EEBF9D0818EDA2DC00B3A7B1 /* InfoPlist.strings */; };
		EEBF9D0C18EDA2DC00B3A7B1 /* HelloWordTests.m in Sources */ = {isa = PBXBuildFile; fileRef = EEBF9D0B18EDA2DC00B3A7B1 /* HelloWordTests.m */; };
/* End PBXBuildFile section */

/* Begin PBXContainerItemProxy section */
		EEBF9D0318EDA2DC00B3A7B1 /* PBXContainerItemProxy */ = {
			isa = PBXContainerItemProxy;
			containerPortal = EEBF9CCC18EDA2DC00B3A7B1 /* Project object */;
			proxyType = 1;
			remoteGlobalIDString = EEBF9CD318EDA2DC00B3A7B1;
			remoteInfo = HelloWord;
		};
/* End PBXContainerItemProxy section */

/* Begin PBXFileReference section */
		EE9A304C18FD736C00CE1508 /* NSObject_helloword.h */ = {isa = PBXFileReference; fileEncoding = 4; lastKnownFileType = sourcecode.c.h; path = NSObject_helloword.h; sourceTree = "<group>"; };
		EE9A304D18FD73B500CE1508 /* test.h */ = {isa = PBXFileReference; fileEncoding = 4; lastKnownFileType = sourcecode.c.h; path = test.h; sourceTree = "<group>"; };
		EE9A304E18FD73B500CE1508 /* test.m */ = {isa = PBXFileReference; fileEncoding = 4; lastKnownFileType = sourcecode.c.objc; path = test.m; sourceTree = "<group>"; };
		EEBF9CD418EDA2DC00B3A7B1 /* HelloWord.app */ = {isa = PBXFileReference; explicitFileType = wrapper.application; includeInIndex = 0; path = HelloWord.app; sourceTree = BUILT_PRODUCTS_DIR; };
		EEBF9CD718EDA2DC00B3A7B1 /* Foundation.framework */ = {isa = PBXFileReference; lastKnownFileType = wrapper.framework; name = Foundation.framework; path = System/Library/Frameworks/Foundation.framework; sourceTree = SDKROOT; };
		EEBF9CD918EDA2DC00B3A7B1 /* CoreGraphics.framework */ = {isa = PBXFileReference; lastKnownFileType = wrapper.framework; name = CoreGraphics.framework; path = System/Library/Frameworks/CoreGraphics.framework; sourceTree = SDKROOT; };
		EEBF9CDB18EDA2DC00B3A7B1 /* UIKit.framework */ = {isa = PBXFileReference; lastKnownFileType = wrapper.framework; name = UIKit.framework; path = System/Library/Frameworks/UIKit.framework; sourceTree = SDKROOT; };
		EEBF9CDF18EDA2DC00B3A7B1 /* HelloWord-Info.plist */ = {isa = PBXFileReference; lastKnownFileType = text.plist.xml; path = "HelloWord-Info.plist"; sourceTree = "<group>"; };
		EEBF9CE118EDA2DC00B3A7B1 /* en */ = {isa = PBXFileReference; lastKnownFileType = text.plist.strings; name = en; path = en.lproj/InfoPlist.strings; sourceTree = "<group>"; };
		EEBF9CE318EDA2DC00B3A7B1 /* main.m */ = {isa = PBXFileReference; lastKnownFileType = sourcecode.c.objc; path = main.m; sourceTree = "<group>"; };
		EEBF9CE518EDA2DC00B3A7B1 /* HelloWord-Prefix.pch */ = {isa = PBXFileReference; lastKnownFileType = sourcecode.c.h; path = "HelloWord-Prefix.pch"; sourceTree = "<group>"; };
		EEBF9CE618EDA2DC00B3A7B1 /* AppDelegate.h */ = {isa = PBXFileReference; lastKnownFileType = sourcecode.c.h; path = AppDelegate.h; sourceTree = "<group>"; };
		EEBF9CE718EDA2DC00B3A7B1 /* AppDelegate.m */ = {isa = PBXFileReference; lastKnownFileType = sourcecode.c.objc; path = AppDelegate.m; sourceTree = "<group>"; };
		EEBF9CE918EDA2DC00B3A7B1 /* RootViewController.h */ = {isa = PBXFileReference; lastKnownFileType = sourcecode.c.h; path = RootViewController.h; sourceTree = "<group>"; };
		EEBF9CEA18EDA2DC00B3A7B1 /* RootViewController.m */ = {isa = PBXFileReference; lastKnownFileType = sourcecode.c.objc; path = RootViewController.m; sourceTree = "<group>"; };
		EEBF9CEC18EDA2DC00B3A7B1 /* DataViewController.h */ = {isa = PBXFileReference; lastKnownFileType = sourcecode.c.h; path = DataViewController.h; sourceTree = "<group>"; };
		EEBF9CED18EDA2DC00B3A7B1 /* DataViewController.m */ = {isa = PBXFileReference; lastKnownFileType = sourcecode.c.objc; path = DataViewController.m; sourceTree = "<group>"; };
		EEBF9CEF18EDA2DC00B3A7B1 /* ModelController.h */ = {isa = PBXFileReference; lastKnownFileType = sourcecode.c.h; path = ModelController.h; sourceTree = "<group>"; };
		EEBF9CF018EDA2DC00B3A7B1 /* ModelController.m */ = {isa = PBXFileReference; lastKnownFileType = sourcecode.c.objc; path = ModelController.m; sourceTree = "<group>"; };
		EEBF9CF318EDA2DC00B3A7B1 /* Base */ = {isa = PBXFileReference; lastKnownFileType = file.storyboard; name = Base; path = Base.lproj/Main_iPhone.storyboard; sourceTree = "<group>"; };
		EEBF9CF618EDA2DC00B3A7B1 /* Base */ = {isa = PBXFileReference; lastKnownFileType = file.storyboard; name = Base; path = Base.lproj/Main_iPad.storyboard; sourceTree = "<group>"; };
		EEBF9CF818EDA2DC00B3A7B1 /* Images.xcassets */ = {isa = PBXFileReference; lastKnownFileType = folder.assetcatalog; path = Images.xcassets; sourceTree = "<group>"; };
		EEBF9CFE18EDA2DC00B3A7B1 /* HelloWordTests.xctest */ = {isa = PBXFileReference; explicitFileType = wrapper.cfbundle; includeInIndex = 0; path = HelloWordTests.xctest; sourceTree = BUILT_PRODUCTS_DIR; };
		EEBF9CFF18EDA2DC00B3A7B1 /* XCTest.framework */ = {isa = PBXFileReference; lastKnownFileType = wrapper.framework; name = XCTest.framework; path = Library/Frameworks/XCTest.framework; sourceTree = DEVELOPER_DIR; };
		EEBF9D0718EDA2DC00B3A7B1 /* HelloWordTests-Info.plist */ = {isa = PBXFileReference; lastKnownFileType = text.plist.xml; path = "HelloWordTests-Info.plist"; sourceTree = "<group>"; };
		EEBF9D0918EDA2DC00B3A7B1 /* en */ = {isa = PBXFileReference; lastKnownFileType = text.plist.strings; name = en; path = en.lproj/InfoPlist.strings; sourceTree = "<group>"; };
		EEBF9D0B18EDA2DC00B3A7B1 /* HelloWordTests.m */ = {isa = PBXFileReference; lastKnownFileType = sourcecode.c.objc; path = HelloWordTests.m; sourceTree = "<group>"; };
/* End PBXFileReference section */

/* Begin PBXFrameworksBuildPhase section */
		EEBF9CD118EDA2DC00B3A7B1 /* Frameworks */ = {
			isa = PBXFrameworksBuildPhase;
			buildActionMask = 2147483647;
			files = (
				EEBF9CDA18EDA2DC00B3A7B1 /* CoreGraphics.framework in Frameworks */,
				EEBF9CDC18EDA2DC00B3A7B1 /* UIKit.framework in Frameworks */,
				EEBF9CD818EDA2DC00B3A7B1 /* Foundation.framework in Frameworks */,
			);
			runOnlyForDeploymentPostprocessing = 0;
		};
		EEBF9CFB18EDA2DC00B3A7B1 /* Frameworks */ = {
			isa = PBXFrameworksBuildPhase;
			buildActionMask = 2147483647;
			files = (
				EEBF9D0018EDA2DC00B3A7B1 /* XCTest.framework in Frameworks */,
				EEBF9D0218EDA2DC00B3A7B1 /* UIKit.framework in Frameworks */,
				EEBF9D0118EDA2DC00B3A7B1 /* Foundation.framework in Frameworks */,
			);
			runOnlyForDeploymentPostprocessing = 0;
		};
/* End PBXFrameworksBuildPhase section */

/* Begin PBXGroup section */
		EEBF9CCB18EDA2DC00B3A7B1 = {
			isa = PBXGroup;
			children = (
				EEBF9CDD18EDA2DC00B3A7B1 /* HelloWord */,
				EEBF9D0518EDA2DC00B3A7B1 /* HelloWordTests */,
				EEBF9CD618EDA2DC00B3A7B1 /* Frameworks */,
				EEBF9CD518EDA2DC00B3A7B1 /* Products */,
			);
			sourceTree = "<group>";
		};
		EEBF9CD518EDA2DC00B3A7B1 /* Products */ = {
			isa = PBXGroup;
			children = (
				EEBF9CD418EDA2DC00B3A7B1 /* HelloWord.app */,
				EEBF9CFE18EDA2DC00B3A7B1 /* HelloWordTests.xctest */,
			);
			name = Products;
			sourceTree = "<group>";
		};
		EEBF9CD618EDA2DC00B3A7B1 /* Frameworks */ = {
			isa = PBXGroup;
			children = (
				EEBF9CD718EDA2DC00B3A7B1 /* Foundation.framework */,
				EEBF9CD918EDA2DC00B3A7B1 /* CoreGraphics.framework */,
				EEBF9CDB18EDA2DC00B3A7B1 /* UIKit.framework */,
				EEBF9CFF18EDA2DC00B3A7B1 /* XCTest.framework */,
			);
			name = Frameworks;
			sourceTree = "<group>";
		};
		EEBF9CDD18EDA2DC00B3A7B1 /* HelloWord */ = {
			isa = PBXGroup;
			children = (
				EEBF9CE618EDA2DC00B3A7B1 /* AppDelegate.h */,
				EEBF9CE718EDA2DC00B3A7B1 /* AppDelegate.m */,
				EEBF9CE918EDA2DC00B3A7B1 /* RootViewController.h */,
				EEBF9CEA18EDA2DC00B3A7B1 /* RootViewController.m */,
				EEBF9CEC18EDA2DC00B3A7B1 /* DataViewController.h */,
				EEBF9CED18EDA2DC00B3A7B1 /* DataViewController.m */,
				EEBF9CEF18EDA2DC00B3A7B1 /* ModelController.h */,
				EEBF9CF018EDA2DC00B3A7B1 /* ModelController.m */,
				EEBF9CF218EDA2DC00B3A7B1 /* Main_iPhone.storyboard */,
				EEBF9CF518EDA2DC00B3A7B1 /* Main_iPad.storyboard */,
				EEBF9CF818EDA2DC00B3A7B1 /* Images.xcassets */,
				EEBF9CDE18EDA2DC00B3A7B1 /* Supporting Files */,
			);
			path = HelloWord;
			sourceTree = "<group>";
		};
		EEBF9CDE18EDA2DC00B3A7B1 /* Supporting Files */ = {
			isa = PBXGroup;
			children = (
				EEBF9CDF18EDA2DC00B3A7B1 /* HelloWord-Info.plist */,
				EEBF9CE018EDA2DC00B3A7B1 /* InfoPlist.strings */,
				EEBF9CE318EDA2DC00B3A7B1 /* main.m */,
				EE9A304C18FD736C00CE1508 /* NSObject_helloword.h */,
				EE9A304D18FD73B500CE1508 /* test.h */,
				EE9A304E18FD73B500CE1508 /* test.m */,
				EEBF9CE518EDA2DC00B3A7B1 /* HelloWord-Prefix.pch */,
			);
			name = "Supporting Files";
			sourceTree = "<group>";
		};
		EEBF9D0518EDA2DC00B3A7B1 /* HelloWordTests */ = {
			isa = PBXGroup;
			children = (
				EEBF9D0B18EDA2DC00B3A7B1 /* HelloWordTests.m */,
				EEBF9D0618EDA2DC00B3A7B1 /* Supporting Files */,
			);
			path = HelloWordTests;
			sourceTree = "<group>";
		};
		EEBF9D0618EDA2DC00B3A7B1 /* Supporting Files */ = {
			isa = PBXGroup;
			children = (
				EEBF9D0718EDA2DC00B3A7B1 /* HelloWordTests-Info.plist */,
				EEBF9D0818EDA2DC00B3A7B1 /* InfoPlist.strings */,
			);
			name = "Supporting Files";
			sourceTree = "<group>";
		};
/* End PBXGroup section */

/* Begin PBXNativeTarget section */
		EEBF9CD318EDA2DC00B3A7B1 /* HelloWord */ = {
			isa = PBXNativeTarget;
			buildConfigurationList = EEBF9D0F18EDA2DC00B3A7B1 /* Build configuration list for PBXNativeTarget "HelloWord" */;
			buildPhases = (
				EEBF9CD018EDA2DC00B3A7B1 /* Sources */,
				EEBF9CD118EDA2DC00B3A7B1 /* Frameworks */,
				EEBF9CD218EDA2DC00B3A7B1 /* Resources */,
			);
			buildRules = (
			);
			dependencies = (
			);
			name = HelloWord;
			productName = HelloWord;
			productReference = EEBF9CD418EDA2DC00B3A7B1 /* HelloWord.app */;
			productType = "com.apple.product-type.application";
		};
		EEBF9CFD18EDA2DC00B3A7B1 /* HelloWordTests */ = {
			isa = PBXNativeTarget;
			buildConfigurationList = EEBF9D1218EDA2DC00B3A7B1 /* Build configuration list for PBXNativeTarget "HelloWordTests" */;
			buildPhases = (
				EEBF9CFA18EDA2DC00B3A7B1 /* Sources */,
				EEBF9CFB18EDA2DC00B3A7B1 /* Frameworks */,
				EEBF9CFC18EDA2DC00B3A7B1 /* Resources */,
			);
			buildRules = (
			);
			dependencies = (
				EEBF9D0418EDA2DC00B3A7B1 /* PBXTargetDependency */,
			);
			name = HelloWordTests;
			productName = HelloWordTests;
			productReference = EEBF9CFE18EDA2DC00B3A7B1 /* HelloWordTests.xctest */;
			productType = "com.apple.product-type.bundle.unit-test";
		};
/* End PBXNativeTarget section */

/* Begin PBXProject section */
		EEBF9CCC18EDA2DC00B3A7B1 /* Project object */ = {
			isa = PBXProject;
			attributes = {
				LastUpgradeCheck = 0510;
				ORGANIZATIONNAME = com.youeasy;
				TargetAttributes = {
					EEBF9CFD18EDA2DC00B3A7B1 = {
						TestTargetID = EEBF9CD318EDA2DC00B3A7B1;
					};
				};
			};
			buildConfigurationList = EEBF9CCF18EDA2DC00B3A7B1 /* Build configuration list for PBXProject "HelloWord" */;
			compatibilityVersion = "Xcode 3.2";
			developmentRegion = English;
			hasScannedForEncodings = 0;
			knownRegions = (
				en,
				Base,
			);
			mainGroup = EEBF9CCB18EDA2DC00B3A7B1;
			productRefGroup = EEBF9CD518EDA2DC00B3A7B1 /* Products */;
			projectDirPath = "";
			projectRoot = "";
			targets = (
				EEBF9CD318EDA2DC00B3A7B1 /* HelloWord */,
				EEBF9CFD18EDA2DC00B3A7B1 /* HelloWordTests */,
			);
		};
/* End PBXProject section */

/* Begin PBXResourcesBuildPhase section */
		EEBF9CD218EDA2DC00B3A7B1 /* Resources */ = {
			isa = PBXResourcesBuildPhase;
			buildActionMask = 2147483647;
			files = (
				EEBF9CF718EDA2DC00B3A7B1 /* Main_iPad.storyboard in Resources */,
				EEBF9CF918EDA2DC00B3A7B1 /* Images.xcassets in Resources */,
				EEBF9CF418EDA2DC00B3A7B1 /* Main_iPhone.storyboard in Resources */,
				EEBF9CE218EDA2DC00B3A7B1 /* InfoPlist.strings in Resources */,
			);
			runOnlyForDeploymentPostprocessing = 0;
		};
		EEBF9CFC18EDA2DC00B3A7B1 /* Resources */ = {
			isa = PBXResourcesBuildPhase;
			buildActionMask = 2147483647;
			files = (
				EEBF9D0A18EDA2DC00B3A7B1 /* InfoPlist.strings in Resources */,
			);
			runOnlyForDeploymentPostprocessing = 0;
		};
/* End PBXResourcesBuildPhase section */

/* Begin PBXSourcesBuildPhase section */
		EEBF9CD018EDA2DC00B3A7B1 /* Sources */ = {
			isa = PBXSourcesBuildPhase;
			buildActionMask = 2147483647;
			files = (
				EEBF9CEE18EDA2DC00B3A7B1 /* DataViewController.m in Sources */,
				EEBF9CE818EDA2DC00B3A7B1 /* AppDelegate.m in Sources */,
				EEBF9CF118EDA2DC00B3A7B1 /* ModelController.m in Sources */,
				EEBF9CE418EDA2DC00B3A7B1 /* main.m in Sources */,
				EEBF9CEB18EDA2DC00B3A7B1 /* RootViewController.m in Sources */,
				EE9A304F18FD73B500CE1508 /* test.m in Sources */,
			);
			runOnlyForDeploymentPostprocessing = 0;
		};
		EEBF9CFA18EDA2DC00B3A7B1 /* Sources */ = {
			isa = PBXSourcesBuildPhase;
			buildActionMask = 2147483647;
			files = (
				EEBF9D0C18EDA2DC00B3A7B1 /* HelloWordTests.m in Sources */,
			);
			runOnlyForDeploymentPostprocessing = 0;
		};
/* End PBXSourcesBuildPhase section */

/* Begin PBXTargetDependency section */
		EEBF9D0418EDA2DC00B3A7B1 /* PBXTargetDependency */ = {
			isa = PBXTargetDependency;
			target = EEBF9CD318EDA2DC00B3A7B1 /* HelloWord */;
			targetProxy = EEBF9D0318EDA2DC00B3A7B1 /* PBXContainerItemProxy */;
		};
/* End PBXTargetDependency section */

/* Begin PBXVariantGroup section */
		EEBF9CE018EDA2DC00B3A7B1 /* InfoPlist.strings */ = {
			isa = PBXVariantGroup;
			children = (
				EEBF9CE118EDA2DC00B3A7B1 /* en */,
			);
			name = InfoPlist.strings;
			sourceTree = "<group>";
		};
		EEBF9CF218EDA2DC00B3A7B1 /* Main_iPhone.storyboard */ = {
			isa = PBXVariantGroup;
			children = (
				EEBF9CF318EDA2DC00B3A7B1 /* Base */,
			);
			name = Main_iPhone.storyboard;
			sourceTree = "<group>";
		};
		EEBF9CF518EDA2DC00B3A7B1 /* Main_iPad.storyboard */ = {
			isa = PBXVariantGroup;
			children = (
				EEBF9CF618EDA2DC00B3A7B1 /* Base */,
			);
			name = Main_iPad.storyboard;
			sourceTree = "<group>";
		};
		EEBF9D0818EDA2DC00B3A7B1 /* InfoPlist.strings */ = {
			isa = PBXVariantGroup;
			children = (
				EEBF9D0918EDA2DC00B3A7B1 /* en */,
			);
			name = InfoPlist.strings;
			sourceTree = "<group>";
		};
/* End PBXVariantGroup section */

/* Begin XCBuildConfiguration section */
		EEBF9D0D18EDA2DC00B3A7B1 /* Debug */ = {
			isa = XCBuildConfiguration;
			buildSettings = {
				ALWAYS_SEARCH_USER_PATHS = NO;
				CLANG_CXX_LANGUAGE_STANDARD = "gnu++0x";
				CLANG_CXX_LIBRARY = "libc++";
				CLANG_ENABLE_MODULES = YES;
				CLANG_ENABLE_OBJC_ARC = YES;
				CLANG_WARN_BOOL_CONVERSION = YES;
				CLANG_WARN_CONSTANT_CONVERSION = YES;
				CLANG_WARN_DIRECT_OBJC_ISA_USAGE = YES_ERROR;
				CLANG_WARN_EMPTY_BODY = YES;
				CLANG_WARN_ENUM_CONVERSION = YES;
				CLANG_WARN_INT_CONVERSION = YES;
				CLANG_WARN_OBJC_ROOT_CLASS = YES_ERROR;
				CLANG_WARN__DUPLICATE_METHOD_MATCH = YES;
				"CODE_SIGN_IDENTITY[sdk=iphoneos*]" = "iPhone Developer";
				COPY_PHASE_STRIP = NO;
				GCC_C_LANGUAGE_STANDARD = gnu99;
				GCC_DYNAMIC_NO_PIC = NO;
				GCC_OPTIMIZATION_LEVEL = 0;
				GCC_PREPROCESSOR_DEFINITIONS = (
					"DEBUG=1",
					"$(inherited)",
				);
				GCC_SYMBOLS_PRIVATE_EXTERN = NO;
				GCC_WARN_64_TO_32_BIT_CONVERSION = YES;
				GCC_WARN_ABOUT_RETURN_TYPE = YES_ERROR;
				GCC_WARN_UNDECLARED_SELECTOR = YES;
				GCC_WARN_UNINITIALIZED_AUTOS = YES_AGGRESSIVE;
				GCC_WARN_UNUSED_FUNCTION = YES;
				GCC_WARN_UNUSED_VARIABLE = YES;
				IPHONEOS_DEPLOYMENT_TARGET = 7.1;
				ONLY_ACTIVE_ARCH = YES;
				SDKROOT = iphoneos;
				TARGETED_DEVICE_FAMILY = "1,2";
			};
			name = Debug;
		};
		EEBF9D0E18EDA2DC00B3A7B1 /* Release */ = {
			isa = XCBuildConfiguration;
			buildSettings = {
				ALWAYS_SEARCH_USER_PATHS = NO;
				CLANG_CXX_LANGUAGE_STANDARD = "gnu++0x";
				CLANG_CXX_LIBRARY = "libc++";
				CLANG_ENABLE_MODULES = YES;
				CLANG_ENABLE_OBJC_ARC = YES;
				CLANG_WARN_BOOL_CONVERSION = YES;
				CLANG_WARN_CONSTANT_CONVERSION = YES;
				CLANG_WARN_DIRECT_OBJC_ISA_USAGE = YES_ERROR;
				CLANG_WARN_EMPTY_BODY = YES;
				CLANG_WARN_ENUM_CONVERSION = YES;
				CLANG_WARN_INT_CONVERSION = YES;
				CLANG_WARN_OBJC_ROOT_CLASS = YES_ERROR;
				CLANG_WARN__DUPLICATE_METHOD_MATCH = YES;
				"CODE_SIGN_IDENTITY[sdk=iphoneos*]" = "iPhone Developer";
				COPY_PHASE_STRIP = YES;
				ENABLE_NS_ASSERTIONS = NO;
				GCC_C_LANGUAGE_STANDARD = gnu99;
				GCC_WARN_64_TO_32_BIT_CONVERSION = YES;
				GCC_WARN_ABOUT_RETURN_TYPE = YES_ERROR;
				GCC_WARN_UNDECLARED_SELECTOR = YES;
				GCC_WARN_UNINITIALIZED_AUTOS = YES_AGGRESSIVE;
				GCC_WARN_UNUSED_FUNCTION = YES;
				GCC_WARN_UNUSED_VARIABLE = YES;
				IPHONEOS_DEPLOYMENT_TARGET = 7.1;
				SDKROOT = iphoneos;
				TARGETED_DEVICE_FAMILY = "1,2";
				VALIDATE_PRODUCT = YES;
			};
			name = Release;
		};
		EEBF9D1018EDA2DC00B3A7B1 /* Debug */ = {
			isa = XCBuildConfiguration;
			buildSettings = {
				ASSETCATALOG_COMPILER_APPICON_NAME = AppIcon;
				ASSETCATALOG_COMPILER_LAUNCHIMAGE_NAME = LaunchImage;
				GCC_PRECOMPILE_PREFIX_HEADER = YES;
				GCC_PREFIX_HEADER = "HelloWord/HelloWord-Prefix.pch";
				INFOPLIST_FILE = "HelloWord/HelloWord-Info.plist";
				PRODUCT_NAME = "$(TARGET_NAME)";
				WRAPPER_EXTENSION = app;
			};
			name = Debug;
		};
		EEBF9D1118EDA2DC00B3A7B1 /* Release */ = {
			isa = XCBuildConfiguration;
			buildSettings = {
				ASSETCATALOG_COMPILER_APPICON_NAME = AppIcon;
				ASSETCATALOG_COMPILER_LAUNCHIMAGE_NAME = LaunchImage;
				GCC_PRECOMPILE_PREFIX_HEADER = YES;
				GCC_PREFIX_HEADER = "HelloWord/HelloWord-Prefix.pch";
				INFOPLIST_FILE = "HelloWord/HelloWord-Info.plist";
				PRODUCT_NAME = "$(TARGET_NAME)";
				WRAPPER_EXTENSION = app;
			};
			name = Release;
		};
		EEBF9D1318EDA2DC00B3A7B1 /* Debug */ = {
			isa = XCBuildConfiguration;
			buildSettings = {
				BUNDLE_LOADER = "$(BUILT_PRODUCTS_DIR)/HelloWord.app/HelloWord";
				FRAMEWORK_SEARCH_PATHS = (
					"$(SDKROOT)/Developer/Library/Frameworks",
					"$(inherited)",
					"$(DEVELOPER_FRAMEWORKS_DIR)",
				);
				GCC_PRECOMPILE_PREFIX_HEADER = YES;
				GCC_PREFIX_HEADER = "HelloWord/HelloWord-Prefix.pch";
				GCC_PREPROCESSOR_DEFINITIONS = (
					"DEBUG=1",
					"$(inherited)",
				);
				INFOPLIST_FILE = "HelloWordTests/HelloWordTests-Info.plist";
				PRODUCT_NAME = "$(TARGET_NAME)";
				TEST_HOST = "$(BUNDLE_LOADER)";
				WRAPPER_EXTENSION = xctest;
			};
			name = Debug;
		};
		EEBF9D1418EDA2DC00B3A7B1 /* Release */ = {
			isa = XCBuildConfiguration;
			buildSettings = {
				BUNDLE_LOADER = "$(BUILT_PRODUCTS_DIR)/HelloWord.app/HelloWord";
				FRAMEWORK_SEARCH_PATHS = (
					"$(SDKROOT)/Developer/Library/Frameworks",
					"$(inherited)",
					"$(DEVELOPER_FRAMEWORKS_DIR)",
				);
				GCC_PRECOMPILE_PREFIX_HEADER = YES;
				GCC_PREFIX_HEADER = "HelloWord/HelloWord-Prefix.pch";
				INFOPLIST_FILE = "HelloWordTests/HelloWordTests-Info.plist";
				PRODUCT_NAME = "$(TARGET_NAME)";
				TEST_HOST = "$(BUNDLE_LOADER)";
				WRAPPER_EXTENSION = xctest;
			};
			name = Release;
		};
/* End XCBuildConfiguration section */

/* Begin XCConfigurationList section */
		EEBF9CCF18EDA2DC00B3A7B1 /* Build configuration list for PBXProject "HelloWord" */ = {
			isa = XCConfigurationList;
			buildConfigurations = (
				EEBF9D0D18EDA2DC00B3A7B1 /* Debug */,
				EEBF9D0E18EDA2DC00B3A7B1 /* Release */,
			);
			defaultConfigurationIsVisible = 0;
			defaultConfigurationName = Release;
		};
		EEBF9D0F18EDA2DC00B3A7B1 /* Build configuration list for PBXNativeTarget "HelloWord" */ = {
			isa = XCConfigurationList;
			buildConfigurations = (
				EEBF9D1018EDA2DC00B3A7B1 /* Debug */,
				EEBF9D1118EDA2DC00B3A7B1 /* Release */,
			);
			defaultConfigurationIsVisible = 0;
			defaultConfigurationName = Release;
		};
		EEBF9D1218EDA2DC00B3A7B1 /* Build configuration list for PBXNativeTarget "HelloWordTests" */ = {
			isa = XCConfigurationList;
			buildConfigurations = (
				EEBF9D1318EDA2DC00B3A7B1 /* Debug */,
				EEBF9D1418EDA2DC00B3A7B1 /* Release */,
			);
			defaultConfigurationIsVisible = 0;
			defaultConfigurationName = Release;
		};
/* End XCConfigurationList section */
	};
	rootObject = EEBF9CCC18EDA2DC00B3A7B1 /* Project object */;
}
